{
  "pins" : [
    {
      "identity" : "alamofire",
      "kind" : "remoteSourceControl",
      "location" : "https://github.com/Alamofire/Alamofire.git",
      "state" : {
        "revision" : "f455c2975872ccd2d9c81594c658af65716e9b9a",
        "version" : "5.9.1"
      }
    },
    {
      "identity" : "emptydataset-swift",
      "kind" : "remoteSourceControl",
      "location" : "https://github.com/Xiaoye220/EmptyDataSet-Swift",
      "state" : {
        "revision" : "ffaa10404b3c7582532887adc7a0f8558f656673",
        "version" : "5.0.2"
      }
    },
    {
      "identity" : "kingfisher",
      "kind" : "remoteSourceControl",
      "location" : "https://github.com/onevcat/Kingfisher.git",
      "state" : {
        "revision" : "d30a5fad881137e2267f96a8e3fc35c58999bb94",
        "version" : "8.6.2"
      }
    },
    {
      "identity" : "pagingkit",
      "kind" : "remoteSourceControl",
      "location" : "https://github.com/kazuhiro4949/PagingKit.git",
      "state" : {
        "revision" : "b8adf6c4ffba3df381989c1a74e54c758b2c3135",
        "version" : "1.18.2"
      }
    },
    {
      "identity" : "snapkit",
      "kind" : "remoteSourceControl",
      "location" : "https://github.com/SnapKit/SnapKit",
      "state" : {
        "revision" : "2842e6e84e82eb9a8dac0100ca90d9444b0307f4",
        "version" : "5.7.1"
      }
    }
  ],
  "version" : 2
}
