// !$*UTF8*$!
{
	archiveVersion = 1;
	classes = {
	};
	objectVersion = 56;
	objects = {

/* Begin PBXBuildFile section */
		372FD0992F17D72D00487172 /* Alamofire in Frameworks */ = {isa = PBXBuildFile; productRef = 372FD0982F17D72D00487172 /* Alamofire */; };
		3748107C2F24D06700F494FA /* AlamofireNetworkClient in Frameworks */ = {isa = PBXBuildFile; productRef = 3748107B2F24D06700F494FA /* AlamofireNetworkClient */; };
		3748107E2F24D07100F494FA /* DataTypes in Frameworks */ = {isa = PBXBuildFile; productRef = 3748107D2F24D07100F494FA /* DataTypes */; };
		374810802F24D07B00F494FA /* NewsAPIService in Frameworks */ = {isa = PBXBuildFile; productRef = 3748107F2F24D07B00F494FA /* NewsAPIService */; };
		374810822F24D08300F494FA /* NewsService in Frameworks */ = {isa = PBXBuildFile; productRef = 374810812F24D08300F494FA /* NewsService */; };
		374810852F24D12800F494FA /* AppConstants.swift in Sources */ = {isa = PBXBuildFile; fileRef = 374810842F24D12800F494FA /* AppConstants.swift */; };
		374810882F24D19C00F494FA /* AppDI.swift in Sources */ = {isa = PBXBuildFile; fileRef = 374810872F24D19C00F494FA /* AppDI.swift */; };
		37B44DE02F150FDE00CEB4E8 /* AppDelegate.swift in Sources */ = {isa = PBXBuildFile; fileRef = 37B44DDF2F150FDE00CEB4E8 /* AppDelegate.swift */; };
		37B44DE22F150FDE00CEB4E8 /* SceneDelegate.swift in Sources */ = {isa = PBXBuildFile; fileRef = 37B44DE12F150FDE00CEB4E8 /* SceneDelegate.swift */; };
		37B44DE42F150FDE00CEB4E8 /* ArticlesViewController.swift in Sources */ = {isa = PBXBuildFile; fileRef = 37B44DE32F150FDE00CEB4E8 /* ArticlesViewController.swift */; };
		37B44DE92F150FE200CEB4E8 /* Assets.xcassets in Resources */ = {isa = PBXBuildFile; fileRef = 37B44DE82F150FE200CEB4E8 /* Assets.xcassets */; };
		37B44DEC2F150FE200CEB4E8 /* LaunchScreen.storyboard in Resources */ = {isa = PBXBuildFile; fileRef = 37B44DEA2F150FE200CEB4E8 /* LaunchScreen.storyboard */; };
		37D801772F251DCD006CA13B /* Router.swift in Sources */ = {isa = PBXBuildFile; fileRef = 37D801762F251DCD006CA13B /* Router.swift */; };
		37D801792F251DE7006CA13B /* AppRouter.swift in Sources */ = {isa = PBXBuildFile; fileRef = 37D801782F251DE7006CA13B /* AppRouter.swift */; };
		37D8017E2F2525EB006CA13B /* ArticlesStorageService.swift in Sources */ = {isa = PBXBuildFile; fileRef = 37D8017D2F2525EB006CA13B /* ArticlesStorageService.swift */; };
		37D801802F252604006CA13B /* AppArticlesStorageService.swift in Sources */ = {isa = PBXBuildFile; fileRef = 37D8017F2F252604006CA13B /* AppArticlesStorageService.swift */; };
		37D801822F25261D006CA13B /* AppStorageDataStack.swift in Sources */ = {isa = PBXBuildFile; fileRef = 37D801812F25261D006CA13B /* AppStorageDataStack.swift */; };
		37D801842F25265E006CA13B /* ArticleEntity.swift in Sources */ = {isa = PBXBuildFile; fileRef = 37D801832F25265E006CA13B /* ArticleEntity.swift */; };
		37D801892F252C94006CA13B /* RemoteArticlesViewController.swift in Sources */ = {isa = PBXBuildFile; fileRef = 37D801882F252C94006CA13B /* RemoteArticlesViewController.swift */; };
		37D8018B2F252CEE006CA13B /* BaseArticlesViewModel.swift in Sources */ = {isa = PBXBuildFile; fileRef = 37D8018A2F252CEE006CA13B /* BaseArticlesViewModel.swift */; };
		37D8018D2F252D1E006CA13B /* FavoriteArticleViewModel.swift in Sources */ = {isa = PBXBuildFile; fileRef = 37D8018C2F252D1E006CA13B /* FavoriteArticleViewModel.swift */; };
		37D8018F2F253218006CA13B /* UIImage+Utils.swift in Sources */ = {isa = PBXBuildFile; fileRef = 37D8018E2F253218006CA13B /* UIImage+Utils.swift */; };
		37D801922F2534E6006CA13B /* TabBarController.swift in Sources */ = {isa = PBXBuildFile; fileRef = 37D801912F2534E6006CA13B /* TabBarController.swift */; };
		37DE4F7B2F24EE2800C5D745 /* Strings+Generated.swift in Sources */ = {isa = PBXBuildFile; fileRef = 37DE4F7A2F24EE2800C5D745 /* Strings+Generated.swift */; };
		37DE4F7E2F24EEC100C5D745 /* UICollectionView+Utils.swift in Sources */ = {isa = PBXBuildFile; fileRef = 37DE4F7D2F24EEC100C5D745 /* UICollectionView+Utils.swift */; };
		37DE4F802F24EEDD00C5D745 /* UIView+Utils.swift in Sources */ = {isa = PBXBuildFile; fileRef = 37DE4F7F2F24EEDD00C5D745 /* UIView+Utils.swift */; };
		37DE4F822F24EEF300C5D745 /* UIStackView+Utils.swift in Sources */ = {isa = PBXBuildFile; fileRef = 37DE4F812F24EEF300C5D745 /* UIStackView+Utils.swift */; };
		37DE4F842F24EF0F00C5D745 /* UILabel+Utils.swift in Sources */ = {isa = PBXBuildFile; fileRef = 37DE4F832F24EF0F00C5D745 /* UILabel+Utils.swift */; };
		37DE4F862F24EF2800C5D745 /* UIFont+Utils.swift in Sources */ = {isa = PBXBuildFile; fileRef = 37DE4F852F24EF2800C5D745 /* UIFont+Utils.swift */; };
		37DE4F882F24EF4800C5D745 /* UIColor+Utils.swift in Sources */ = {isa = PBXBuildFile; fileRef = 37DE4F872F24EF4800C5D745 /* UIColor+Utils.swift */; };
		37DE4F8A2F24EF6500C5D745 /* UIImageView+Utils.swift in Sources */ = {isa = PBXBuildFile; fileRef = 37DE4F892F24EF6500C5D745 /* UIImageView+Utils.swift */; };
		37DE4F8C2F24EF7F00C5D745 /* UIRefreshControl+Utils.swift in Sources */ = {isa = PBXBuildFile; fileRef = 37DE4F8B2F24EF7F00C5D745 /* UIRefreshControl+Utils.swift */; };
		37DE4F8F2F24F13E00C5D745 /* EmptyDataSet-Swift in Frameworks */ = {isa = PBXBuildFile; productRef = 37DE4F8E2F24F13E00C5D745 /* EmptyDataSet-Swift */; };
		37DE4F922F24F15800C5D745 /* Kingfisher in Frameworks */ = {isa = PBXBuildFile; productRef = 37DE4F912F24F15800C5D745 /* Kingfisher */; };
		37DE4F952F24F17E00C5D745 /* PagingKit in Frameworks */ = {isa = PBXBuildFile; productRef = 37DE4F942F24F17E00C5D745 /* PagingKit */; };
		37DE4F982F24F27700C5D745 /* ArticleViewModel.swift in Sources */ = {isa = PBXBuildFile; fileRef = 37DE4F972F24F27700C5D745 /* ArticleViewModel.swift */; };
		37DE4F9C2F24F2FB00C5D745 /* EmptyView.swift in Sources */ = {isa = PBXBuildFile; fileRef = 37DE4F9B2F24F2FB00C5D745 /* EmptyView.swift */; };
		37DE4F9E2F24F31800C5D745 /* EmptyViewModel.swift in Sources */ = {isa = PBXBuildFile; fileRef = 37DE4F9D2F24F31800C5D745 /* EmptyViewModel.swift */; };
		37DE4FA12F24F3C100C5D745 /* ArticlesViewModel.swift in Sources */ = {isa = PBXBuildFile; fileRef = 37DE4FA02F24F3C100C5D745 /* ArticlesViewModel.swift */; };
		37DE4FA52F24F64900C5D745 /* ArticleCell.swift in Sources */ = {isa = PBXBuildFile; fileRef = 37DE4FA42F24F64900C5D745 /* ArticleCell.swift */; };
		37DE4FA82F24F68B00C5D745 /* FeedMenuCell.swift in Sources */ = {isa = PBXBuildFile; fileRef = 37DE4FA72F24F68B00C5D745 /* FeedMenuCell.swift */; };
		37DE4FAA2F24F6A400C5D745 /* FeedViewController.swift in Sources */ = {isa = PBXBuildFile; fileRef = 37DE4FA92F24F6A400C5D745 /* FeedViewController.swift */; };
		37DE4FAC2F24F6C600C5D745 /* FeedViewModel.swift in Sources */ = {isa = PBXBuildFile; fileRef = 37DE4FAB2F24F6C600C5D745 /* FeedViewModel.swift */; };
		37DE4FAE2F24F6FE00C5D745 /* FeedUnderlineFocusView.xib in Resources */ = {isa = PBXBuildFile; fileRef = 37DE4FAD2F24F6FE00C5D745 /* FeedUnderlineFocusView.xib */; };
		37DE4FB02F24FCDC00C5D745 /* ArticleViewController.swift in Sources */ = {isa = PBXBuildFile; fileRef = 37DE4FAF2F24FCDC00C5D745 /* ArticleViewController.swift */; };
		37DE4FB32F24FD4A00C5D745 /* Publisher+Utils.swift in Sources */ = {isa = PBXBuildFile; fileRef = 37DE4FB22F24FD4A00C5D745 /* Publisher+Utils.swift */; };
		37DF27332F1667EF00B64C13 /* Localizable.strings in Resources */ = {isa = PBXBuildFile; fileRef = 37DF27352F1667EF00B64C13 /* Localizable.strings */; };
		37DF273A2F1672C800B64C13 /* NetworkClient in Frameworks */ = {isa = PBXBuildFile; productRef = 37DF27392F1672C800B64C13 /* NetworkClient */; };
		37E209882F165973000C015D /* SnapKit in Frameworks */ = {isa = PBXBuildFile; productRef = 37E209872F165973000C015D /* SnapKit */; };
		37E2098F2F166612000C015D /* XCAssets+Generated.swift in Sources */ = {isa = PBXBuildFile; fileRef = 37E2098E2F166612000C015D /* XCAssets+Generated.swift */; };
/* End PBXBuildFile section */

/* Begin PBXFileReference section */
		372FD0942F17C65900487172 /* DataTypes */ = {isa = PBXFileReference; lastKnownFileType = wrapper; path = DataTypes; sourceTree = "<group>"; };
		372FD0952F17D13F00487172 /* NewsAPIService */ = {isa = PBXFileReference; lastKnownFileType = wrapper; name = NewsAPIService; path = ../../NewsAPIService; sourceTree = "<group>"; };
		372FD0962F17D36000487172 /* NewsService */ = {isa = PBXFileReference; lastKnownFileType = wrapper; path = NewsService; sourceTree = "<group>"; };
		372FD09C2F17D75A00487172 /* AlamofireNetworkClient */ = {isa = PBXFileReference; lastKnownFileType = wrapper; name = AlamofireNetworkClient; path = ../../AlamofireNetworkClient; sourceTree = "<group>"; };
		374810842F24D12800F494FA /* AppConstants.swift */ = {isa = PBXFileReference; lastKnownFileType = sourcecode.swift; path = AppConstants.swift; sourceTree = "<group>"; };
		374810872F24D19C00F494FA /* AppDI.swift */ = {isa = PBXFileReference; lastKnownFileType = sourcecode.swift; path = AppDI.swift; sourceTree = "<group>"; };
		37B44DDC2F150FDE00CEB4E8 /* NewsReader.app */ = {isa = PBXFileReference; explicitFileType = wrapper.application; includeInIndex = 0; path = NewsReader.app; sourceTree = BUILT_PRODUCTS_DIR; };
		37B44DDF2F150FDE00CEB4E8 /* AppDelegate.swift */ = {isa = PBXFileReference; lastKnownFileType = sourcecode.swift; path = AppDelegate.swift; sourceTree = "<group>"; };
		37B44DE12F150FDE00CEB4E8 /* SceneDelegate.swift */ = {isa = PBXFileReference; lastKnownFileType = sourcecode.swift; path = SceneDelegate.swift; sourceTree = "<group>"; };
		37B44DE32F150FDE00CEB4E8 /* ArticlesViewController.swift */ = {isa = PBXFileReference; lastKnownFileType = sourcecode.swift; path = ArticlesViewController.swift; sourceTree = "<group>"; };
		37B44DE82F150FE200CEB4E8 /* Assets.xcassets */ = {isa = PBXFileReference; lastKnownFileType = folder.assetcatalog; path = Assets.xcassets; sourceTree = "<group>"; };
		37B44DEB2F150FE200CEB4E8 /* Base */ = {isa = PBXFileReference; lastKnownFileType = file.storyboard; name = Base; path = Base.lproj/LaunchScreen.storyboard; sourceTree = "<group>"; };
		37B44DED2F150FE200CEB4E8 /* Info.plist */ = {isa = PBXFileReference; lastKnownFileType = text.plist.xml; path = Info.plist; sourceTree = "<group>"; };
		37D801762F251DCD006CA13B /* Router.swift */ = {isa = PBXFileReference; lastKnownFileType = sourcecode.swift; path = Router.swift; sourceTree = "<group>"; };
		37D801782F251DE7006CA13B /* AppRouter.swift */ = {isa = PBXFileReference; lastKnownFileType = sourcecode.swift; path = AppRouter.swift; sourceTree = "<group>"; };
		37D8017D2F2525EB006CA13B /* ArticlesStorageService.swift */ = {isa = PBXFileReference; lastKnownFileType = sourcecode.swift; path = ArticlesStorageService.swift; sourceTree = "<group>"; };
		37D8017F2F252604006CA13B /* AppArticlesStorageService.swift */ = {isa = PBXFileReference; lastKnownFileType = sourcecode.swift; path = AppArticlesStorageService.swift; sourceTree = "<group>"; };
		37D801812F25261D006CA13B /* AppStorageDataStack.swift */ = {isa = PBXFileReference; lastKnownFileType = sourcecode.swift; path = AppStorageDataStack.swift; sourceTree = "<group>"; };
		37D801832F25265E006CA13B /* ArticleEntity.swift */ = {isa = PBXFileReference; lastKnownFileType = sourcecode.swift; path = ArticleEntity.swift; sourceTree = "<group>"; };
		37D801882F252C94006CA13B /* RemoteArticlesViewController.swift */ = {isa = PBXFileReference; lastKnownFileType = sourcecode.swift; path = RemoteArticlesViewController.swift; sourceTree = "<group>"; };
		37D8018A2F252CEE006CA13B /* BaseArticlesViewModel.swift */ = {isa = PBXFileReference; lastKnownFileType = sourcecode.swift; path = BaseArticlesViewModel.swift; sourceTree = "<group>"; };
		37D8018C2F252D1E006CA13B /* FavoriteArticleViewModel.swift */ = {isa = PBXFileReference; lastKnownFileType = sourcecode.swift; path = FavoriteArticleViewModel.swift; sourceTree = "<group>"; };
		37D8018E2F253218006CA13B /* UIImage+Utils.swift */ = {isa = PBXFileReference; lastKnownFileType = sourcecode.swift; path = "UIImage+Utils.swift"; sourceTree = "<group>"; };
		37D801912F2534E6006CA13B /* TabBarController.swift */ = {isa = PBXFileReference; lastKnownFileType = sourcecode.swift; path = TabBarController.swift; sourceTree = "<group>"; };
		37DE4F7A2F24EE2800C5D745 /* Strings+Generated.swift */ = {isa = PBXFileReference; fileEncoding = 4; lastKnownFileType = sourcecode.swift; path = "Strings+Generated.swift"; sourceTree = "<group>"; };
		37DE4F7D2F24EEC100C5D745 /* UICollectionView+Utils.swift */ = {isa = PBXFileReference; lastKnownFileType = sourcecode.swift; path = "UICollectionView+Utils.swift"; sourceTree = "<group>"; };
		37DE4F7F2F24EEDD00C5D745 /* UIView+Utils.swift */ = {isa = PBXFileReference; lastKnownFileType = sourcecode.swift; path = "UIView+Utils.swift"; sourceTree = "<group>"; };
		37DE4F812F24EEF300C5D745 /* UIStackView+Utils.swift */ = {isa = PBXFileReference; lastKnownFileType = sourcecode.swift; path = "UIStackView+Utils.swift"; sourceTree = "<group>"; };
		37DE4F832F24EF0F00C5D745 /* UILabel+Utils.swift */ = {isa = PBXFileReference; lastKnownFileType = sourcecode.swift; path = "UILabel+Utils.swift"; sourceTree = "<group>"; };
		37DE4F852F24EF2800C5D745 /* UIFont+Utils.swift */ = {isa = PBXFileReference; lastKnownFileType = sourcecode.swift; path = "UIFont+Utils.swift"; sourceTree = "<group>"; };
		37DE4F872F24EF4800C5D745 /* UIColor+Utils.swift */ = {isa = PBXFileReference; lastKnownFileType = sourcecode.swift; path = "UIColor+Utils.swift"; sourceTree = "<group>"; };
		37DE4F892F24EF6500C5D745 /* UIImageView+Utils.swift */ = {isa = PBXFileReference; lastKnownFileType = sourcecode.swift; path = "UIImageView+Utils.swift"; sourceTree = "<group>"; };
		37DE4F8B2F24EF7F00C5D745 /* UIRefreshControl+Utils.swift */ = {isa = PBXFileReference; lastKnownFileType = sourcecode.swift; path = "UIRefreshControl+Utils.swift"; sourceTree = "<group>"; };
		37DE4F972F24F27700C5D745 /* ArticleViewModel.swift */ = {isa = PBXFileReference; lastKnownFileType = sourcecode.swift; path = ArticleViewModel.swift; sourceTree = "<group>"; };
		37DE4F9B2F24F2FB00C5D745 /* EmptyView.swift */ = {isa = PBXFileReference; lastKnownFileType = sourcecode.swift; path = EmptyView.swift; sourceTree = "<group>"; };
		37DE4F9D2F24F31800C5D745 /* EmptyViewModel.swift */ = {isa = PBXFileReference; lastKnownFileType = sourcecode.swift; path = EmptyViewModel.swift; sourceTree = "<group>"; };
		37DE4FA02F24F3C100C5D745 /* ArticlesViewModel.swift */ = {isa = PBXFileReference; lastKnownFileType = sourcecode.swift; path = ArticlesViewModel.swift; sourceTree = "<group>"; };
		37DE4FA42F24F64900C5D745 /* ArticleCell.swift */ = {isa = PBXFileReference; lastKnownFileType = sourcecode.swift; path = ArticleCell.swift; sourceTree = "<group>"; };
		37DE4FA72F24F68B00C5D745 /* FeedMenuCell.swift */ = {isa = PBXFileReference; lastKnownFileType = sourcecode.swift; path = FeedMenuCell.swift; sourceTree = "<group>"; };
		37DE4FA92F24F6A400C5D745 /* FeedViewController.swift */ = {isa = PBXFileReference; lastKnownFileType = sourcecode.swift; path = FeedViewController.swift; sourceTree = "<group>"; };
		37DE4FAB2F24F6C600C5D745 /* FeedViewModel.swift */ = {isa = PBXFileReference; lastKnownFileType = sourcecode.swift; path = FeedViewModel.swift; sourceTree = "<group>"; };
		37DE4FAD2F24F6FE00C5D745 /* FeedUnderlineFocusView.xib */ = {isa = PBXFileReference; lastKnownFileType = file.xib; path = FeedUnderlineFocusView.xib; sourceTree = "<group>"; };
		37DE4FAF2F24FCDC00C5D745 /* ArticleViewController.swift */ = {isa = PBXFileReference; lastKnownFileType = sourcecode.swift; path = ArticleViewController.swift; sourceTree = "<group>"; };
		37DE4FB22F24FD4A00C5D745 /* Publisher+Utils.swift */ = {isa = PBXFileReference; lastKnownFileType = sourcecode.swift; path = "Publisher+Utils.swift"; sourceTree = "<group>"; };
		37DF27342F1667EF00B64C13 /* en */ = {isa = PBXFileReference; lastKnownFileType = text.plist.strings; name = en; path = en.lproj/Localizable.strings; sourceTree = "<group>"; };
		37DF27362F1670D300B64C13 /* NetworkClient */ = {isa = PBXFileReference; lastKnownFileType = wrapper; path = NetworkClient; sourceTree = "<group>"; };
		37E2098E2F166612000C015D /* XCAssets+Generated.swift */ = {isa = PBXFileReference; fileEncoding = 4; lastKnownFileType = sourcecode.swift; path = "XCAssets+Generated.swift"; sourceTree = "<group>"; };
/* End PBXFileReference section */

/* Begin PBXFrameworksBuildPhase section */
		37B44DD92F150FDE00CEB4E8 /* Frameworks */ = {
			isa = PBXFrameworksBuildPhase;
			buildActionMask = 2147483647;
			files = (
				3748107C2F24D06700F494FA /* AlamofireNetworkClient in Frameworks */,
				37DE4F8F2F24F13E00C5D745 /* EmptyDataSet-Swift in Frameworks */,
				374810822F24D08300F494FA /* NewsService in Frameworks */,
				37DE4F922F24F15800C5D745 /* Kingfisher in Frameworks */,
				374810802F24D07B00F494FA /* NewsAPIService in Frameworks */,
				37E209882F165973000C015D /* SnapKit in Frameworks */,
				3748107E2F24D07100F494FA /* DataTypes in Frameworks */,
				372FD0992F17D72D00487172 /* Alamofire in Frameworks */,
				37DF273A2F1672C800B64C13 /* NetworkClient in Frameworks */,
				37DE4F952F24F17E00C5D745 /* PagingKit in Frameworks */,
			);
			runOnlyForDeploymentPostprocessing = 0;
		};
/* End PBXFrameworksBuildPhase section */

/* Begin PBXGroup section */
		374810832F24D10600F494FA /* Config */ = {
			isa = PBXGroup;
			children = (
				374810842F24D12800F494FA /* AppConstants.swift */,
			);
			path = Config;
			sourceTree = "<group>";
		};
		374810862F24D18C00F494FA /* DI */ = {
			isa = PBXGroup;
			children = (
				374810872F24D19C00F494FA /* AppDI.swift */,
			);
			path = DI;
			sourceTree = "<group>";
		};
		37B44DD32F150FDE00CEB4E8 = {
			isa = PBXGroup;
			children = (
				37B44DDE2F150FDE00CEB4E8 /* NewsReader */,
				37DF27372F16722300B64C13 /* Packages */,
				37B44DDD2F150FDE00CEB4E8 /* Products */,
				37DF27382F1672C800B64C13 /* Frameworks */,
			);
			sourceTree = "<group>";
		};
		37B44DDD2F150FDE00CEB4E8 /* Products */ = {
			isa = PBXGroup;
			children = (
				37B44DDC2F150FDE00CEB4E8 /* NewsReader.app */,
			);
			name = Products;
			sourceTree = "<group>";
		};
		37B44DDE2F150FDE00CEB4E8 /* NewsReader */ = {
			isa = PBXGroup;
			children = (
				37D801852F25273D006CA13B /* BusinessLogic */,
				37DE4F992F24F2E400C5D745 /* UI */,
				374810832F24D10600F494FA /* Config */,
				37B44DDF2F150FDE00CEB4E8 /* AppDelegate.swift */,
				37B44DE12F150FDE00CEB4E8 /* SceneDelegate.swift */,
				37E2098C2F1663A9000C015D /* Resources */,
				37B44DEA2F150FE200CEB4E8 /* LaunchScreen.storyboard */,
				37B44DED2F150FE200CEB4E8 /* Info.plist */,
			);
			path = NewsReader;
			sourceTree = "<group>";
		};
		37D801752F251DB4006CA13B /* Router */ = {
			isa = PBXGroup;
			children = (
				37D801762F251DCD006CA13B /* Router.swift */,
				37D801782F251DE7006CA13B /* AppRouter.swift */,
			);
			path = Router;
			sourceTree = "<group>";
		};
		37D8017A2F251E19006CA13B /* Article */ = {
			isa = PBXGroup;
			children = (
				37DE4FAF2F24FCDC00C5D745 /* ArticleViewController.swift */,
				37DE4F972F24F27700C5D745 /* ArticleViewModel.swift */,
			);
			path = Article;
			sourceTree = "<group>";
		};
		37D8017B2F2525D0006CA13B /* Storage */ = {
			isa = PBXGroup;
			children = (
				37D8017C2F2525DA006CA13B /* Model */,
				37D8017D2F2525EB006CA13B /* ArticlesStorageService.swift */,
				37D8017F2F252604006CA13B /* AppArticlesStorageService.swift */,
				37D801812F25261D006CA13B /* AppStorageDataStack.swift */,
			);
			path = Storage;
			sourceTree = "<group>";
		};
		37D8017C2F2525DA006CA13B /* Model */ = {
			isa = PBXGroup;
			children = (
				37D801832F25265E006CA13B /* ArticleEntity.swift */,
			);
			path = Model;
			sourceTree = "<group>";
		};
		37D801852F25273D006CA13B /* BusinessLogic */ = {
			isa = PBXGroup;
			children = (
				37DE4FB12F24FD1100C5D745 /* Utils */,
				374810862F24D18C00F494FA /* DI */,
				37D801752F251DB4006CA13B /* Router */,
				37D8017B2F2525D0006CA13B /* Storage */,
			);
			path = BusinessLogic;
			sourceTree = "<group>";
		};
		37D801862F252C1F006CA13B /* Views */ = {
			isa = PBXGroup;
			children = (
				37B44DE32F150FDE00CEB4E8 /* ArticlesViewController.swift */,
				37DE4FA42F24F64900C5D745 /* ArticleCell.swift */,
			);
			path = Views;
			sourceTree = "<group>";
		};
		37D801872F252C32006CA13B /* ViewModel */ = {
			isa = PBXGroup;
			children = (
				37DE4FA02F24F3C100C5D745 /* ArticlesViewModel.swift */,
				37D801882F252C94006CA13B /* RemoteArticlesViewController.swift */,
				37D8018A2F252CEE006CA13B /* BaseArticlesViewModel.swift */,
				37D8018C2F252D1E006CA13B /* FavoriteArticleViewModel.swift */,
			);
			path = ViewModel;
			sourceTree = "<group>";
		};
		37D801902F2534D6006CA13B /* TabBar */ = {
			isa = PBXGroup;
			children = (
				37D801912F2534E6006CA13B /* TabBarController.swift */,
			);
			path = TabBar;
			sourceTree = "<group>";
		};
		37DE4F7C2F24EEAD00C5D745 /* Utils */ = {
			isa = PBXGroup;
			children = (
				37DE4F7D2F24EEC100C5D745 /* UICollectionView+Utils.swift */,
				37DE4F7F2F24EEDD00C5D745 /* UIView+Utils.swift */,
				37DE4F812F24EEF300C5D745 /* UIStackView+Utils.swift */,
				37DE4F832F24EF0F00C5D745 /* UILabel+Utils.swift */,
				37DE4F852F24EF2800C5D745 /* UIFont+Utils.swift */,
				37DE4F872F24EF4800C5D745 /* UIColor+Utils.swift */,
				37DE4F892F24EF6500C5D745 /* UIImageView+Utils.swift */,
				37DE4F8B2F24EF7F00C5D745 /* UIRefreshControl+Utils.swift */,
				37D8018E2F253218006CA13B /* UIImage+Utils.swift */,
			);
			path = Utils;
			sourceTree = "<group>";
		};
		37DE4F992F24F2E400C5D745 /* UI */ = {
			isa = PBXGroup;
			children = (
				37D801902F2534D6006CA13B /* TabBar */,
				37D8017A2F251E19006CA13B /* Article */,
				37DE4F7C2F24EEAD00C5D745 /* Utils */,
				37DE4FA62F24F67D00C5D745 /* Feed */,
				37DE4F9F2F24F3B000C5D745 /* Articles */,
				37DE4F9A2F24F2ED00C5D745 /* EmptyView */,
			);
			path = UI;
			sourceTree = "<group>";
		};
		37DE4F9A2F24F2ED00C5D745 /* EmptyView */ = {
			isa = PBXGroup;
			children = (
				37DE4F9B2F24F2FB00C5D745 /* EmptyView.swift */,
				37DE4F9D2F24F31800C5D745 /* EmptyViewModel.swift */,
			);
			path = EmptyView;
			sourceTree = "<group>";
		};
		37DE4F9F2F24F3B000C5D745 /* Articles */ = {
			isa = PBXGroup;
			children = (
				37D801862F252C1F006CA13B /* Views */,
				37D801872F252C32006CA13B /* ViewModel */,
			);
			path = Articles;
			sourceTree = "<group>";
		};
		37DE4FA62F24F67D00C5D745 /* Feed */ = {
			isa = PBXGroup;
			children = (
				37DE4FA72F24F68B00C5D745 /* FeedMenuCell.swift */,
				37DE4FA92F24F6A400C5D745 /* FeedViewController.swift */,
				37DE4FAB2F24F6C600C5D745 /* FeedViewModel.swift */,
				37DE4FAD2F24F6FE00C5D745 /* FeedUnderlineFocusView.xib */,
			);
			path = Feed;
			sourceTree = "<group>";
		};
		37DE4FB12F24FD1100C5D745 /* Utils */ = {
			isa = PBXGroup;
			children = (
				37DE4FB22F24FD4A00C5D745 /* Publisher+Utils.swift */,
			);
			path = Utils;
			sourceTree = "<group>";
		};
		37DF27372F16722300B64C13 /* Packages */ = {
			isa = PBXGroup;
			children = (
				372FD09C2F17D75A00487172 /* AlamofireNetworkClient */,
				372FD0962F17D36000487172 /* NewsService */,
				372FD0952F17D13F00487172 /* NewsAPIService */,
				372FD0942F17C65900487172 /* DataTypes */,
				37DF27362F1670D300B64C13 /* NetworkClient */,
			);
			path = Packages;
			sourceTree = "<group>";
		};
		37DF27382F1672C800B64C13 /* Frameworks */ = {
			isa = PBXGroup;
			children = (
			);
			name = Frameworks;
			sourceTree = "<group>";
		};
		37E2098C2F1663A9000C015D /* Resources */ = {
			isa = PBXGroup;
			children = (
				37E209902F166660000C015D /* Localization */,
				37B44DE82F150FE200CEB4E8 /* Assets.xcassets */,
				37E2098D2F1664BC000C015D /* Generated */,
			);
			path = Resources;
			sourceTree = "<group>";
		};
		37E2098D2F1664BC000C015D /* Generated */ = {
			isa = PBXGroup;
			children = (
				37DE4F7A2F24EE2800C5D745 /* Strings+Generated.swift */,
				37E2098E2F166612000C015D /* XCAssets+Generated.swift */,
			);
			path = Generated;
			sourceTree = "<group>";
		};
		37E209902F166660000C015D /* Localization */ = {
			isa = PBXGroup;
			children = (
				37DF27352F1667EF00B64C13 /* Localizable.strings */,
			);
			path = Localization;
			sourceTree = "<group>";
		};
/* End PBXGroup section */

/* Begin PBXNativeTarget section */
		37B44DDB2F150FDE00CEB4E8 /* NewsReader */ = {
			isa = PBXNativeTarget;
			buildConfigurationList = 37B44DF02F150FE200CEB4E8 /* Build configuration list for PBXNativeTarget "NewsReader" */;
			buildPhases = (
				37E2098B2F165C34000C015D /* SwiftGen */,
				37B44DD82F150FDE00CEB4E8 /* Sources */,
				37B44DD92F150FDE00CEB4E8 /* Frameworks */,
				37B44DDA2F150FDE00CEB4E8 /* Resources */,
			);
			buildRules = (
			);
			dependencies = (
			);
			name = NewsReader;
			packageProductDependencies = (
				37E209872F165973000C015D /* SnapKit */,
				37DF27392F1672C800B64C13 /* NetworkClient */,
				372FD0982F17D72D00487172 /* Alamofire */,
				3748107B2F24D06700F494FA /* AlamofireNetworkClient */,
				3748107D2F24D07100F494FA /* DataTypes */,
				3748107F2F24D07B00F494FA /* NewsAPIService */,
				374810812F24D08300F494FA /* NewsService */,
				37DE4F8E2F24F13E00C5D745 /* EmptyDataSet-Swift */,
				37DE4F912F24F15800C5D745 /* Kingfisher */,
				37DE4F942F24F17E00C5D745 /* PagingKit */,
			);
			productName = NewsReader;
			productReference = 37B44DDC2F150FDE00CEB4E8 /* NewsReader.app */;
			productType = "com.apple.product-type.application";
		};
/* End PBXNativeTarget section */

/* Begin PBXProject section */
		37B44DD42F150FDE00CEB4E8 /* Project object */ = {
			isa = PBXProject;
			attributes = {
				BuildIndependentTargetsInParallel = 1;
				LastSwiftUpdateCheck = 1520;
				LastUpgradeCheck = 1520;
				TargetAttributes = {
					37B44DDB2F150FDE00CEB4E8 = {
						CreatedOnToolsVersion = 15.2;
					};
				};
			};
			buildConfigurationList = 37B44DD72F150FDE00CEB4E8 /* Build configuration list for PBXProject "NewsReader" */;
			compatibilityVersion = "Xcode 14.0";
			developmentRegion = en;
			hasScannedForEncodings = 0;
			knownRegions = (
				en,
				Base,
			);
			mainGroup = 37B44DD32F150FDE00CEB4E8;
			packageReferences = (
				37E209862F165973000C015D /* XCRemoteSwiftPackageReference "SnapKit" */,
				372FD0972F17D72D00487172 /* XCRemoteSwiftPackageReference "Alamofire" */,
				37DE4F8D2F24F13E00C5D745 /* XCRemoteSwiftPackageReference "EmptyDataSet-Swift" */,
				37DE4F902F24F15800C5D745 /* XCRemoteSwiftPackageReference "Kingfisher" */,
				37DE4F932F24F17D00C5D745 /* XCRemoteSwiftPackageReference "PagingKit" */,
			);
			productRefGroup = 37B44DDD2F150FDE00CEB4E8 /* Products */;
			projectDirPath = "";
			projectRoot = "";
			targets = (
				37B44DDB2F150FDE00CEB4E8 /* NewsReader */,
			);
		};
/* End PBXProject section */

/* Begin PBXResourcesBuildPhase section */
		37B44DDA2F150FDE00CEB4E8 /* Resources */ = {
			isa = PBXResourcesBuildPhase;
			buildActionMask = 2147483647;
			files = (
				37B44DEC2F150FE200CEB4E8 /* LaunchScreen.storyboard in Resources */,
				37DE4FAE2F24F6FE00C5D745 /* FeedUnderlineFocusView.xib in Resources */,
				37DF27332F1667EF00B64C13 /* Localizable.strings in Resources */,
				37B44DE92F150FE200CEB4E8 /* Assets.xcassets in Resources */,
			);
			runOnlyForDeploymentPostprocessing = 0;
		};
/* End PBXResourcesBuildPhase section */

/* Begin PBXShellScriptBuildPhase section */
		37E2098B2F165C34000C015D /* SwiftGen */ = {
			isa = PBXShellScriptBuildPhase;
			buildActionMask = 2147483647;
			files = (
			);
			inputFileListPaths = (
			);
			inputPaths = (
			);
			name = SwiftGen;
			outputFileListPaths = (
			);
			outputPaths = (
			);
			runOnlyForDeploymentPostprocessing = 0;
			shellPath = /bin/sh;
			shellScript = "if [[ \"$(uname -m)\" == arm64 ]]; then\n    export PATH=\"/opt/homebrew/bin:$PATH\"\nfi\n\nif which swiftgen > /dev/null; then\n  swiftgen\nelse\n  echo \"warning: SwiftGen not installed, download it from https://github.com/SwiftGen/SwiftGen\"\nfi\n";
		};
/* End PBXShellScriptBuildPhase section */

/* Begin PBXSourcesBuildPhase section */
		37B44DD82F150FDE00CEB4E8 /* Sources */ = {
			isa = PBXSourcesBuildPhase;
			buildActionMask = 2147483647;
			files = (
				37DE4F7E2F24EEC100C5D745 /* UICollectionView+Utils.swift in Sources */,
				37D8018D2F252D1E006CA13B /* FavoriteArticleViewModel.swift in Sources */,
				37DE4FB02F24FCDC00C5D745 /* ArticleViewController.swift in Sources */,
				37DE4FA82F24F68B00C5D745 /* FeedMenuCell.swift in Sources */,
				37DE4FA12F24F3C100C5D745 /* ArticlesViewModel.swift in Sources */,
				37D8018B2F252CEE006CA13B /* BaseArticlesViewModel.swift in Sources */,
				37D801822F25261D006CA13B /* AppStorageDataStack.swift in Sources */,
				37D8017E2F2525EB006CA13B /* ArticlesStorageService.swift in Sources */,
				37D801802F252604006CA13B /* AppArticlesStorageService.swift in Sources */,
				37DE4F842F24EF0F00C5D745 /* UILabel+Utils.swift in Sources */,
				37D801792F251DE7006CA13B /* AppRouter.swift in Sources */,
				37DE4F8C2F24EF7F00C5D745 /* UIRefreshControl+Utils.swift in Sources */,
				374810882F24D19C00F494FA /* AppDI.swift in Sources */,
				37DE4FB32F24FD4A00C5D745 /* Publisher+Utils.swift in Sources */,
				37DE4FAC2F24F6C600C5D745 /* FeedViewModel.swift in Sources */,
				37B44DE42F150FDE00CEB4E8 /* ArticlesViewController.swift in Sources */,
				37DE4F8A2F24EF6500C5D745 /* UIImageView+Utils.swift in Sources */,
				37DE4F822F24EEF300C5D745 /* UIStackView+Utils.swift in Sources */,
				37D8018F2F253218006CA13B /* UIImage+Utils.swift in Sources */,
				37D801772F251DCD006CA13B /* Router.swift in Sources */,
				37DE4FA52F24F64900C5D745 /* ArticleCell.swift in Sources */,
				37D801922F2534E6006CA13B /* TabBarController.swift in Sources */,
				37DE4F9C2F24F2FB00C5D745 /* EmptyView.swift in Sources */,
				37B44DE02F150FDE00CEB4E8 /* AppDelegate.swift in Sources */,
				37B44DE22F150FDE00CEB4E8 /* SceneDelegate.swift in Sources */,
				37DE4F7B2F24EE2800C5D745 /* Strings+Generated.swift in Sources */,
				37E2098F2F166612000C015D /* XCAssets+Generated.swift in Sources */,
				37DE4F9E2F24F31800C5D745 /* EmptyViewModel.swift in Sources */,
				37DE4F802F24EEDD00C5D745 /* UIView+Utils.swift in Sources */,
				37DE4F982F24F27700C5D745 /* ArticleViewModel.swift in Sources */,
				37DE4FAA2F24F6A400C5D745 /* FeedViewController.swift in Sources */,
				37D801892F252C94006CA13B /* RemoteArticlesViewController.swift in Sources */,
				37DE4F862F24EF2800C5D745 /* UIFont+Utils.swift in Sources */,
				37D801842F25265E006CA13B /* ArticleEntity.swift in Sources */,
				37DE4F882F24EF4800C5D745 /* UIColor+Utils.swift in Sources */,
				374810852F24D12800F494FA /* AppConstants.swift in Sources */,
			);
			runOnlyForDeploymentPostprocessing = 0;
		};
/* End PBXSourcesBuildPhase section */

/* Begin PBXVariantGroup section */
		37B44DEA2F150FE200CEB4E8 /* LaunchScreen.storyboard */ = {
			isa = PBXVariantGroup;
			children = (
				37B44DEB2F150FE200CEB4E8 /* Base */,
			);
			name = LaunchScreen.storyboard;
			sourceTree = "<group>";
		};
		37DF27352F1667EF00B64C13 /* Localizable.strings */ = {
			isa = PBXVariantGroup;
			children = (
				37DF27342F1667EF00B64C13 /* en */,
			);
			name = Localizable.strings;
			sourceTree = "<group>";
		};
/* End PBXVariantGroup section */

/* Begin XCBuildConfiguration section */
		37B44DEE2F150FE200CEB4E8 /* Debug */ = {
			isa = XCBuildConfiguration;
			buildSettings = {
				ALWAYS_SEARCH_USER_PATHS = NO;
				ASSETCATALOG_COMPILER_GENERATE_SWIFT_ASSET_SYMBOL_EXTENSIONS = YES;
				CLANG_ANALYZER_NONNULL = YES;
				CLANG_ANALYZER_NUMBER_OBJECT_CONVERSION = YES_AGGRESSIVE;
				CLANG_CXX_LANGUAGE_STANDARD = "gnu++20";
				CLANG_ENABLE_MODULES = YES;
				CLANG_ENABLE_OBJC_ARC = YES;
				CLANG_ENABLE_OBJC_WEAK = YES;
				CLANG_WARN_BLOCK_CAPTURE_AUTORELEASING = YES;
				CLANG_WARN_BOOL_CONVERSION = YES;
				CLANG_WARN_COMMA = YES;
				CLANG_WARN_CONSTANT_CONVERSION = YES;
				CLANG_WARN_DEPRECATED_OBJC_IMPLEMENTATIONS = YES;
				CLANG_WARN_DIRECT_OBJC_ISA_USAGE = YES_ERROR;
				CLANG_WARN_DOCUMENTATION_COMMENTS = YES;
				CLANG_WARN_EMPTY_BODY = YES;
				CLANG_WARN_ENUM_CONVERSION = YES;
				CLANG_WARN_INFINITE_RECURSION = YES;
				CLANG_WARN_INT_CONVERSION = YES;
				CLANG_WARN_NON_LITERAL_NULL_CONVERSION = YES;
				CLANG_WARN_OBJC_IMPLICIT_RETAIN_SELF = YES;
				CLANG_WARN_OBJC_LITERAL_CONVERSION = YES;
				CLANG_WARN_OBJC_ROOT_CLASS = YES_ERROR;
				CLANG_WARN_QUOTED_INCLUDE_IN_FRAMEWORK_HEADER = YES;
				CLANG_WARN_RANGE_LOOP_ANALYSIS = YES;
				CLANG_WARN_STRICT_PROTOTYPES = YES;
				CLANG_WARN_SUSPICIOUS_MOVE = YES;
				CLANG_WARN_UNGUARDED_AVAILABILITY = YES_AGGRESSIVE;
				CLANG_WARN_UNREACHABLE_CODE = YES;
				CLANG_WARN__DUPLICATE_METHOD_MATCH = YES;
				COPY_PHASE_STRIP = NO;
				DEBUG_INFORMATION_FORMAT = dwarf;
				ENABLE_STRICT_OBJC_MSGSEND = YES;
				ENABLE_TESTABILITY = YES;
				ENABLE_USER_SCRIPT_SANDBOXING = NO;
				GCC_C_LANGUAGE_STANDARD = gnu17;
				GCC_DYNAMIC_NO_PIC = NO;
				GCC_NO_COMMON_BLOCKS = YES;
				GCC_OPTIMIZATION_LEVEL = 0;
				GCC_PREPROCESSOR_DEFINITIONS = (
					"DEBUG=1",
					"$(inherited)",
				);
				GCC_WARN_64_TO_32_BIT_CONVERSION = YES;
				GCC_WARN_ABOUT_RETURN_TYPE = YES_ERROR;
				GCC_WARN_UNDECLARED_SELECTOR = YES;
				GCC_WARN_UNINITIALIZED_AUTOS = YES_AGGRESSIVE;
				GCC_WARN_UNUSED_FUNCTION = YES;
				GCC_WARN_UNUSED_VARIABLE = YES;
				IPHONEOS_DEPLOYMENT_TARGET = 17.2;
				LOCALIZATION_PREFERS_STRING_CATALOGS = YES;
				MTL_ENABLE_DEBUG_INFO = INCLUDE_SOURCE;
				MTL_FAST_MATH = YES;
				ONLY_ACTIVE_ARCH = YES;
				SDKROOT = iphoneos;
				SWIFT_ACTIVE_COMPILATION_CONDITIONS = "DEBUG $(inherited)";
				SWIFT_OPTIMIZATION_LEVEL = "-Onone";
			};
			name = Debug;
		};
		37B44DEF2F150FE200CEB4E8 /* Release */ = {
			isa = XCBuildConfiguration;
			buildSettings = {
				ALWAYS_SEARCH_USER_PATHS = NO;
				ASSETCATALOG_COMPILER_GENERATE_SWIFT_ASSET_SYMBOL_EXTENSIONS = YES;
				CLANG_ANALYZER_NONNULL = YES;
				CLANG_ANALYZER_NUMBER_OBJECT_CONVERSION = YES_AGGRESSIVE;
				CLANG_CXX_LANGUAGE_STANDARD = "gnu++20";
				CLANG_ENABLE_MODULES = YES;
				CLANG_ENABLE_OBJC_ARC = YES;
				CLANG_ENABLE_OBJC_WEAK = YES;
				CLANG_WARN_BLOCK_CAPTURE_AUTORELEASING = YES;
				CLANG_WARN_BOOL_CONVERSION = YES;
				CLANG_WARN_COMMA = YES;
				CLANG_WARN_CONSTANT_CONVERSION = YES;
				CLANG_WARN_DEPRECATED_OBJC_IMPLEMENTATIONS = YES;
				CLANG_WARN_DIRECT_OBJC_ISA_USAGE = YES_ERROR;
				CLANG_WARN_DOCUMENTATION_COMMENTS = YES;
				CLANG_WARN_EMPTY_BODY = YES;
				CLANG_WARN_ENUM_CONVERSION = YES;
				CLANG_WARN_INFINITE_RECURSION = YES;
				CLANG_WARN_INT_CONVERSION = YES;
				CLANG_WARN_NON_LITERAL_NULL_CONVERSION = YES;
				CLANG_WARN_OBJC_IMPLICIT_RETAIN_SELF = YES;
				CLANG_WARN_OBJC_LITERAL_CONVERSION = YES;
				CLANG_WARN_OBJC_ROOT_CLASS = YES_ERROR;
				CLANG_WARN_QUOTED_INCLUDE_IN_FRAMEWORK_HEADER = YES;
				CLANG_WARN_RANGE_LOOP_ANALYSIS = YES;
				CLANG_WARN_STRICT_PROTOTYPES = YES;
				CLANG_WARN_SUSPICIOUS_MOVE = YES;
				CLANG_WARN_UNGUARDED_AVAILABILITY = YES_AGGRESSIVE;
				CLANG_WARN_UNREACHABLE_CODE = YES;
				CLANG_WARN__DUPLICATE_METHOD_MATCH = YES;
				COPY_PHASE_STRIP = NO;
				DEBUG_INFORMATION_FORMAT = "dwarf-with-dsym";
				ENABLE_NS_ASSERTIONS = NO;
				ENABLE_STRICT_OBJC_MSGSEND = YES;
				ENABLE_USER_SCRIPT_SANDBOXING = NO;
				GCC_C_LANGUAGE_STANDARD = gnu17;
				GCC_NO_COMMON_BLOCKS = YES;
				GCC_WARN_64_TO_32_BIT_CONVERSION = YES;
				GCC_WARN_ABOUT_RETURN_TYPE = YES_ERROR;
				GCC_WARN_UNDECLARED_SELECTOR = YES;
				GCC_WARN_UNINITIALIZED_AUTOS = YES_AGGRESSIVE;
				GCC_WARN_UNUSED_FUNCTION = YES;
				GCC_WARN_UNUSED_VARIABLE = YES;
				IPHONEOS_DEPLOYMENT_TARGET = 17.2;
				LOCALIZATION_PREFERS_STRING_CATALOGS = YES;
				MTL_ENABLE_DEBUG_INFO = NO;
				MTL_FAST_MATH = YES;
				SDKROOT = iphoneos;
				SWIFT_COMPILATION_MODE = wholemodule;
				VALIDATE_PRODUCT = YES;
			};
			name = Release;
		};
		37B44DF12F150FE200CEB4E8 /* Debug */ = {
			isa = XCBuildConfiguration;
			buildSettings = {
				ASSETCATALOG_COMPILER_APPICON_NAME = AppIcon;
				ASSETCATALOG_COMPILER_GLOBAL_ACCENT_COLOR_NAME = AccentColor;
				CODE_SIGN_STYLE = Automatic;
				CURRENT_PROJECT_VERSION = 1;
				DEVELOPMENT_TEAM = GF3VGB2K84;
				GENERATE_INFOPLIST_FILE = YES;
				INFOPLIST_FILE = NewsReader/Info.plist;
				INFOPLIST_KEY_UIApplicationSupportsIndirectInputEvents = YES;
				INFOPLIST_KEY_UILaunchStoryboardName = LaunchScreen;
				INFOPLIST_KEY_UISupportedInterfaceOrientations_iPad = "UIInterfaceOrientationPortrait UIInterfaceOrientationPortraitUpsideDown UIInterfaceOrientationLandscapeLeft UIInterfaceOrientationLandscapeRight";
				INFOPLIST_KEY_UISupportedInterfaceOrientations_iPhone = "UIInterfaceOrientationPortrait UIInterfaceOrientationLandscapeLeft UIInterfaceOrientationLandscapeRight";
				LD_RUNPATH_SEARCH_PATHS = (
					"$(inherited)",
					"@executable_path/Frameworks",
				);
				MARKETING_VERSION = 1.0;
				PRODUCT_BUNDLE_IDENTIFIER = tinaskordaki.NewsReader;
				PRODUCT_NAME = "$(TARGET_NAME)";
				SWIFT_EMIT_LOC_STRINGS = YES;
				SWIFT_VERSION = 5.0;
				TARGETED_DEVICE_FAMILY = "1,2";
			};
			name = Debug;
		};
		37B44DF22F150FE200CEB4E8 /* Release */ = {
			isa = XCBuildConfiguration;
			buildSettings = {
				ASSETCATALOG_COMPILER_APPICON_NAME = AppIcon;
				ASSETCATALOG_COMPILER_GLOBAL_ACCENT_COLOR_NAME = AccentColor;
				CODE_SIGN_STYLE = Automatic;
				CURRENT_PROJECT_VERSION = 1;
				DEVELOPMENT_TEAM = GF3VGB2K84;
				GENERATE_INFOPLIST_FILE = YES;
				INFOPLIST_FILE = NewsReader/Info.plist;
				INFOPLIST_KEY_UIApplicationSupportsIndirectInputEvents = YES;
				INFOPLIST_KEY_UILaunchStoryboardName = LaunchScreen;
				INFOPLIST_KEY_UISupportedInterfaceOrientations_iPad = "UIInterfaceOrientationPortrait UIInterfaceOrientationPortraitUpsideDown UIInterfaceOrientationLandscapeLeft UIInterfaceOrientationLandscapeRight";
				INFOPLIST_KEY_UISupportedInterfaceOrientations_iPhone = "UIInterfaceOrientationPortrait UIInterfaceOrientationLandscapeLeft UIInterfaceOrientationLandscapeRight";
				LD_RUNPATH_SEARCH_PATHS = (
					"$(inherited)",
					"@executable_path/Frameworks",
				);
				MARKETING_VERSION = 1.0;
				PRODUCT_BUNDLE_IDENTIFIER = tinaskordaki.NewsReader;
				PRODUCT_NAME = "$(TARGET_NAME)";
				SWIFT_EMIT_LOC_STRINGS = YES;
				SWIFT_VERSION = 5.0;
				TARGETED_DEVICE_FAMILY = "1,2";
			};
			name = Release;
		};
/* End XCBuildConfiguration section */

/* Begin XCConfigurationList section */
		37B44DD72F150FDE00CEB4E8 /* Build configuration list for PBXProject "NewsReader" */ = {
			isa = XCConfigurationList;
			buildConfigurations = (
				37B44DEE2F150FE200CEB4E8 /* Debug */,
				37B44DEF2F150FE200CEB4E8 /* Release */,
			);
			defaultConfigurationIsVisible = 0;
			defaultConfigurationName = Release;
		};
		37B44DF02F150FE200CEB4E8 /* Build configuration list for PBXNativeTarget "NewsReader" */ = {
			isa = XCConfigurationList;
			buildConfigurations = (
				37B44DF12F150FE200CEB4E8 /* Debug */,
				37B44DF22F150FE200CEB4E8 /* Release */,
			);
			defaultConfigurationIsVisible = 0;
			defaultConfigurationName = Release;
		};
/* End XCConfigurationList section */

/* Begin XCRemoteSwiftPackageReference section */
		372FD0972F17D72D00487172 /* XCRemoteSwiftPackageReference "Alamofire" */ = {
			isa = XCRemoteSwiftPackageReference;
			repositoryURL = "https://github.com/Alamofire/Alamofire.git";
			requirement = {
				kind = exactVersion;
				version = 5.9.1;
			};
		};
		37DE4F8D2F24F13E00C5D745 /* XCRemoteSwiftPackageReference "EmptyDataSet-Swift" */ = {
			isa = XCRemoteSwiftPackageReference;
			repositoryURL = "https://github.com/Xiaoye220/EmptyDataSet-Swift";
			requirement = {
				kind = upToNextMajorVersion;
				minimumVersion = 5.0.2;
			};
		};
		37DE4F902F24F15800C5D745 /* XCRemoteSwiftPackageReference "Kingfisher" */ = {
			isa = XCRemoteSwiftPackageReference;
			repositoryURL = "https://github.com/onevcat/Kingfisher.git";
			requirement = {
				kind = upToNextMajorVersion;
				minimumVersion = 8.6.2;
			};
		};
		37DE4F932F24F17D00C5D745 /* XCRemoteSwiftPackageReference "PagingKit" */ = {
			isa = XCRemoteSwiftPackageReference;
			repositoryURL = "https://github.com/kazuhiro4949/PagingKit.git";
			requirement = {
				kind = upToNextMajorVersion;
				minimumVersion = 1.18.2;
			};
		};
		37E209862F165973000C015D /* XCRemoteSwiftPackageReference "SnapKit" */ = {
			isa = XCRemoteSwiftPackageReference;
			repositoryURL = "https://github.com/SnapKit/SnapKit";
			requirement = {
				kind = exactVersion;
				version = 5.7.1;
			};
		};
/* End XCRemoteSwiftPackageReference section */

/* Begin XCSwiftPackageProductDependency section */
		372FD0982F17D72D00487172 /* Alamofire */ = {
			isa = XCSwiftPackageProductDependency;
			package = 372FD0972F17D72D00487172 /* XCRemoteSwiftPackageReference "Alamofire" */;
			productName = Alamofire;
		};
		3748107B2F24D06700F494FA /* AlamofireNetworkClient */ = {
			isa = XCSwiftPackageProductDependency;
			productName = AlamofireNetworkClient;
		};
		3748107D2F24D07100F494FA /* DataTypes */ = {
			isa = XCSwiftPackageProductDependency;
			productName = DataTypes;
		};
		3748107F2F24D07B00F494FA /* NewsAPIService */ = {
			isa = XCSwiftPackageProductDependency;
			productName = NewsAPIService;
		};
		374810812F24D08300F494FA /* NewsService */ = {
			isa = XCSwiftPackageProductDependency;
			productName = NewsService;
		};
		37DE4F8E2F24F13E00C5D745 /* EmptyDataSet-Swift */ = {
			isa = XCSwiftPackageProductDependency;
			package = 37DE4F8D2F24F13E00C5D745 /* XCRemoteSwiftPackageReference "EmptyDataSet-Swift" */;
			productName = "EmptyDataSet-Swift";
		};
		37DE4F912F24F15800C5D745 /* Kingfisher */ = {
			isa = XCSwiftPackageProductDependency;
			package = 37DE4F902F24F15800C5D745 /* XCRemoteSwiftPackageReference "Kingfisher" */;
			productName = Kingfisher;
		};
		37DE4F942F24F17E00C5D745 /* PagingKit */ = {
			isa = XCSwiftPackageProductDependency;
			package = 37DE4F932F24F17D00C5D745 /* XCRemoteSwiftPackageReference "PagingKit" */;
			productName = PagingKit;
		};
		37DF27392F1672C800B64C13 /* NetworkClient */ = {
			isa = XCSwiftPackageProductDependency;
			productName = NetworkClient;
		};
		37E209872F165973000C015D /* SnapKit */ = {
			isa = XCSwiftPackageProductDependency;
			package = 37E209862F165973000C015D /* XCRemoteSwiftPackageReference "SnapKit" */;
			productName = SnapKit;
		};
/* End XCSwiftPackageProductDependency section */
	};
	rootObject = 37B44DD42F150FDE00CEB4E8 /* Project object */;
}
